<Solution>
  <Folder Name="/src/">
    <Project Path="src/SpecForge.Domain/SpecForge.Domain.csproj" />
    <Project Path="src/SpecForge.McpServer/SpecForge.McpServer.csproj" />
    <Project Path="src/SpecForge.OpenAICompatible/SpecForge.OpenAICompatible.csproj" />
    <Project Path="src/SpecForge.Runner.Cli/SpecForge.Runner.Cli.csproj" />
  </Folder>
  <Folder Name="/tests/">
    <Project Path="tests/SpecForge.Domain.Tests/SpecForge.Domain.Tests.csproj" />
  </Folder>
</Solution>
